{
  "name": "strnow",
  "version": "1.0.0",
  "lockfileVersion": 1,
  "requires": true,
  "dependencies": {
    "date-and-time": {
      "version": "2.4.1",
      "resolved": "https://registry.npmjs.org/date-and-time/-/date-and-time-2.4.1.tgz",
      "integrity": "sha512-fG+ClATev+wHryqxOoGcTTegr5RhYE+tz/XHUkTQ/zvpWqQ90oOxjOhuMQ02bw87Oy9N3qBENCHHHSKdWJjgTg=="
    }
  }
}
