# THIS IS AN AUTOGENERATED FILE. DO NOT EDIT THIS FILE DIRECTLY.
# yarn lockfile v1


date-and-time@^0.14.2:
  version "0.14.2"
  resolved "https://registry.yarnpkg.com/date-and-time/-/date-and-time-0.14.2.tgz#a4266c3dead460f6c231fe9674e585908dac354e"
  integrity sha512-EFTCh9zRSEpGPmJaexg7HTuzZHh6cnJj1ui7IGCFNXzd2QdpsNh05Db5TF3xzJm30YN+A8/6xHSuRcQqoc3kFA==
