# THIS IS AN AUTOGENERATED FILE. DO NOT EDIT THIS FILE DIRECTLY.
# yarn lockfile v1


date-and-time@^0.13.1:
  version "0.13.1"
  resolved "https://registry.yarnpkg.com/date-and-time/-/date-and-time-0.13.1.tgz#d12ba07ac840d5b112dc4c83f8a03e8a51f78dd6"
  integrity sha512-/Uge9DJAT+s+oAcDxtBhyR8+sKjUnZbYmyhbmWjTHNtX7B7oWD8YyYdeXcBRbwSj6hVvj+IQegJam7m7czhbFw==
